
Microsoft Visual Studio Solution File, Format Version 12.00
# Visual Studio Version 17
VisualStudioVersion = 17.14.36811.4 d17.14
MinimumVisualStudioVersion = 10.0.40219.1
Project("{FAE04EC0-301F-11D3-BF4B-00C04F79EFBC}") = "Proc_CislaDoTabulky", "Proc_CislaDoTabulky\Proc_CislaDoTabulky.csproj", "{72B9A26D-5168-4C30-8D2E-F42BBD9B9DBB}"
EndProject
Global
	GlobalSection(SolutionConfigurationPlatforms) = preSolution
		Debug|Any CPU = Debug|Any CPU
		Release|Any CPU = Release|Any CPU
	EndGlobalSection
	GlobalSection(ProjectConfigurationPlatforms) = postSolution
		{72B9A26D-5168-4C30-8D2E-F42BBD9B9DBB}.Debug|Any CPU.ActiveCfg = Debug|Any CPU
		{72B9A26D-5168-4C30-8D2E-F42BBD9B9DBB}.Debug|Any CPU.Build.0 = Debug|Any CPU
		{72B9A26D-5168-4C30-8D2E-F42BBD9B9DBB}.Release|Any CPU.ActiveCfg = Release|Any CPU
		{72B9A26D-5168-4C30-8D2E-F42BBD9B9DBB}.Release|Any CPU.Build.0 = Release|Any CPU
	EndGlobalSection
	GlobalSection(SolutionProperties) = preSolution
		HideSolutionNode = FALSE
	EndGlobalSection
	GlobalSection(ExtensibilityGlobals) = postSolution
		SolutionGuid = {50E65A51-02DE-496A-BBC5-A05064DC1364}
	EndGlobalSection
EndGlobal
