
Microsoft Visual Studio Solution File, Format Version 12.00
# Visual Studio Version 17
VisualStudioVersion = 17.14.36429.23 d17.14
MinimumVisualStudioVersion = 10.0.40219.1
Project("{FAE04EC0-301F-11D3-BF4B-00C04F79EFBC}") = "Soucet_v_intervalu", "Soucet_v_intervalu\Soucet_v_intervalu.csproj", "{63F42741-4D5B-435E-9C46-3C6E9672C2C2}"
EndProject
Global
	GlobalSection(SolutionConfigurationPlatforms) = preSolution
		Debug|Any CPU = Debug|Any CPU
		Release|Any CPU = Release|Any CPU
	EndGlobalSection
	GlobalSection(ProjectConfigurationPlatforms) = postSolution
		{63F42741-4D5B-435E-9C46-3C6E9672C2C2}.Debug|Any CPU.ActiveCfg = Debug|Any CPU
		{63F42741-4D5B-435E-9C46-3C6E9672C2C2}.Debug|Any CPU.Build.0 = Debug|Any CPU
		{63F42741-4D5B-435E-9C46-3C6E9672C2C2}.Release|Any CPU.ActiveCfg = Release|Any CPU
		{63F42741-4D5B-435E-9C46-3C6E9672C2C2}.Release|Any CPU.Build.0 = Release|Any CPU
	EndGlobalSection
	GlobalSection(SolutionProperties) = preSolution
		HideSolutionNode = FALSE
	EndGlobalSection
	GlobalSection(ExtensibilityGlobals) = postSolution
		SolutionGuid = {B15F4A8D-230A-45C8-8149-460F58E1127E}
	EndGlobalSection
EndGlobal
