
Microsoft Visual Studio Solution File, Format Version 12.00
# Visual Studio Version 17
VisualStudioVersion = 17.14.36811.4 d17.14
MinimumVisualStudioVersion = 10.0.40219.1
Project("{FAE04EC0-301F-11D3-BF4B-00C04F79EFBC}") = "Zapouzdreni", "Zapouzdreni\Zapouzdreni.csproj", "{D334A1CE-93D9-4D1B-9309-4D7FA288CF3D}"
EndProject
Global
	GlobalSection(SolutionConfigurationPlatforms) = preSolution
		Debug|Any CPU = Debug|Any CPU
		Release|Any CPU = Release|Any CPU
	EndGlobalSection
	GlobalSection(ProjectConfigurationPlatforms) = postSolution
		{D334A1CE-93D9-4D1B-9309-4D7FA288CF3D}.Debug|Any CPU.ActiveCfg = Debug|Any CPU
		{D334A1CE-93D9-4D1B-9309-4D7FA288CF3D}.Debug|Any CPU.Build.0 = Debug|Any CPU
		{D334A1CE-93D9-4D1B-9309-4D7FA288CF3D}.Release|Any CPU.ActiveCfg = Release|Any CPU
		{D334A1CE-93D9-4D1B-9309-4D7FA288CF3D}.Release|Any CPU.Build.0 = Release|Any CPU
	EndGlobalSection
	GlobalSection(SolutionProperties) = preSolution
		HideSolutionNode = FALSE
	EndGlobalSection
	GlobalSection(ExtensibilityGlobals) = postSolution
		SolutionGuid = {B9382D61-9863-4E5F-B47D-58FA4CB70E7A}
	EndGlobalSection
EndGlobal
