
Microsoft Visual Studio Solution File, Format Version 12.00
# Visual Studio Version 17
VisualStudioVersion = 17.14.36429.23 d17.14
MinimumVisualStudioVersion = 10.0.40219.1
Project("{FAE04EC0-301F-11D3-BF4B-00C04F79EFBC}") = "Proc_DnyTyden", "Proc_DnyTyden\Proc_DnyTyden.csproj", "{3A42A90C-8FDC-4281-AA16-8AF184A599EA}"
EndProject
Global
	GlobalSection(SolutionConfigurationPlatforms) = preSolution
		Debug|Any CPU = Debug|Any CPU
		Release|Any CPU = Release|Any CPU
	EndGlobalSection
	GlobalSection(ProjectConfigurationPlatforms) = postSolution
		{3A42A90C-8FDC-4281-AA16-8AF184A599EA}.Debug|Any CPU.ActiveCfg = Debug|Any CPU
		{3A42A90C-8FDC-4281-AA16-8AF184A599EA}.Debug|Any CPU.Build.0 = Debug|Any CPU
		{3A42A90C-8FDC-4281-AA16-8AF184A599EA}.Release|Any CPU.ActiveCfg = Release|Any CPU
		{3A42A90C-8FDC-4281-AA16-8AF184A599EA}.Release|Any CPU.Build.0 = Release|Any CPU
	EndGlobalSection
	GlobalSection(SolutionProperties) = preSolution
		HideSolutionNode = FALSE
	EndGlobalSection
	GlobalSection(ExtensibilityGlobals) = postSolution
		SolutionGuid = {624544B4-0872-4C34-AAE8-02AAB7F1E323}
	EndGlobalSection
EndGlobal
