
Microsoft Visual Studio Solution File, Format Version 12.00
# Visual Studio Version 17
VisualStudioVersion = 17.14.36429.23 d17.14
MinimumVisualStudioVersion = 10.0.40219.1
Project("{FAE04EC0-301F-11D3-BF4B-00C04F79EFBC}") = "Math_String", "Math_String\Math_String.csproj", "{2DE731CD-8552-4AE1-AEAD-6A64F60D664D}"
EndProject
Global
	GlobalSection(SolutionConfigurationPlatforms) = preSolution
		Debug|Any CPU = Debug|Any CPU
		Release|Any CPU = Release|Any CPU
	EndGlobalSection
	GlobalSection(ProjectConfigurationPlatforms) = postSolution
		{2DE731CD-8552-4AE1-AEAD-6A64F60D664D}.Debug|Any CPU.ActiveCfg = Debug|Any CPU
		{2DE731CD-8552-4AE1-AEAD-6A64F60D664D}.Debug|Any CPU.Build.0 = Debug|Any CPU
		{2DE731CD-8552-4AE1-AEAD-6A64F60D664D}.Release|Any CPU.ActiveCfg = Release|Any CPU
		{2DE731CD-8552-4AE1-AEAD-6A64F60D664D}.Release|Any CPU.Build.0 = Release|Any CPU
	EndGlobalSection
	GlobalSection(SolutionProperties) = preSolution
		HideSolutionNode = FALSE
	EndGlobalSection
	GlobalSection(ExtensibilityGlobals) = postSolution
		SolutionGuid = {3D00A892-6B16-4B7A-8FFF-AC5DF4F71D02}
	EndGlobalSection
EndGlobal
