
Microsoft Visual Studio Solution File, Format Version 12.00
# Visual Studio Version 17
VisualStudioVersion = 17.14.36811.4 d17.14
MinimumVisualStudioVersion = 10.0.40219.1
Project("{FAE04EC0-301F-11D3-BF4B-00C04F79EFBC}") = "Skolni_system", "Skolni_system\Skolni_system.csproj", "{73CB7D4E-3CD1-4644-B08E-2167F1C85E9D}"
EndProject
Global
	GlobalSection(SolutionConfigurationPlatforms) = preSolution
		Debug|Any CPU = Debug|Any CPU
		Release|Any CPU = Release|Any CPU
	EndGlobalSection
	GlobalSection(ProjectConfigurationPlatforms) = postSolution
		{73CB7D4E-3CD1-4644-B08E-2167F1C85E9D}.Debug|Any CPU.ActiveCfg = Debug|Any CPU
		{73CB7D4E-3CD1-4644-B08E-2167F1C85E9D}.Debug|Any CPU.Build.0 = Debug|Any CPU
		{73CB7D4E-3CD1-4644-B08E-2167F1C85E9D}.Release|Any CPU.ActiveCfg = Release|Any CPU
		{73CB7D4E-3CD1-4644-B08E-2167F1C85E9D}.Release|Any CPU.Build.0 = Release|Any CPU
	EndGlobalSection
	GlobalSection(SolutionProperties) = preSolution
		HideSolutionNode = FALSE
	EndGlobalSection
	GlobalSection(ExtensibilityGlobals) = postSolution
		SolutionGuid = {2C26A774-31A2-47FA-A9D7-9C8ECBCA5CEA}
	EndGlobalSection
EndGlobal
