
Microsoft Visual Studio Solution File, Format Version 12.00
# Visual Studio Version 17
VisualStudioVersion = 17.14.36429.23 d17.14
MinimumVisualStudioVersion = 10.0.40219.1
Project("{FAE04EC0-301F-11D3-BF4B-00C04F79EFBC}") = "ConsoleApp1", "ConsoleApp1\ConsoleApp1.csproj", "{1751FE75-4B4C-4D4C-9706-C79FD0E83D41}"
EndProject
Global
	GlobalSection(SolutionConfigurationPlatforms) = preSolution
		Debug|Any CPU = Debug|Any CPU
		Release|Any CPU = Release|Any CPU
	EndGlobalSection
	GlobalSection(ProjectConfigurationPlatforms) = postSolution
		{1751FE75-4B4C-4D4C-9706-C79FD0E83D41}.Debug|Any CPU.ActiveCfg = Debug|Any CPU
		{1751FE75-4B4C-4D4C-9706-C79FD0E83D41}.Debug|Any CPU.Build.0 = Debug|Any CPU
		{1751FE75-4B4C-4D4C-9706-C79FD0E83D41}.Release|Any CPU.ActiveCfg = Release|Any CPU
		{1751FE75-4B4C-4D4C-9706-C79FD0E83D41}.Release|Any CPU.Build.0 = Release|Any CPU
	EndGlobalSection
	GlobalSection(SolutionProperties) = preSolution
		HideSolutionNode = FALSE
	EndGlobalSection
	GlobalSection(ExtensibilityGlobals) = postSolution
		SolutionGuid = {1A9D455B-B183-4571-AD07-E5F947E86D12}
	EndGlobalSection
EndGlobal
