
Microsoft Visual Studio Solution File, Format Version 12.00
# Visual Studio Version 17
VisualStudioVersion = 17.14.36429.23 d17.14
MinimumVisualStudioVersion = 10.0.40219.1
Project("{FAE04EC0-301F-11D3-BF4B-00C04F79EFBC}") = "Generace_nah_cisel", "Generace_nah_cisel\Generace_nah_cisel.csproj", "{5BEF6873-C32C-48DF-A936-E066E94C36B6}"
EndProject
Global
	GlobalSection(SolutionConfigurationPlatforms) = preSolution
		Debug|Any CPU = Debug|Any CPU
		Release|Any CPU = Release|Any CPU
	EndGlobalSection
	GlobalSection(ProjectConfigurationPlatforms) = postSolution
		{5BEF6873-C32C-48DF-A936-E066E94C36B6}.Debug|Any CPU.ActiveCfg = Debug|Any CPU
		{5BEF6873-C32C-48DF-A936-E066E94C36B6}.Debug|Any CPU.Build.0 = Debug|Any CPU
		{5BEF6873-C32C-48DF-A936-E066E94C36B6}.Release|Any CPU.ActiveCfg = Release|Any CPU
		{5BEF6873-C32C-48DF-A936-E066E94C36B6}.Release|Any CPU.Build.0 = Release|Any CPU
	EndGlobalSection
	GlobalSection(SolutionProperties) = preSolution
		HideSolutionNode = FALSE
	EndGlobalSection
	GlobalSection(ExtensibilityGlobals) = postSolution
		SolutionGuid = {0A7AE60C-A1FD-4B36-96E9-1FEC00C3248C}
	EndGlobalSection
EndGlobal
