
Microsoft Visual Studio Solution File, Format Version 12.00
# Visual Studio Version 17
VisualStudioVersion = 17.14.36429.23 d17.14
MinimumVisualStudioVersion = 10.0.40219.1
Project("{FAE04EC0-301F-11D3-BF4B-00C04F79EFBC}") = "Uvod_For", "Uvod_For\Uvod_For.csproj", "{43F4FDCA-9EDF-46D1-86CA-901F1F2C776A}"
EndProject
Global
	GlobalSection(SolutionConfigurationPlatforms) = preSolution
		Debug|Any CPU = Debug|Any CPU
		Release|Any CPU = Release|Any CPU
	EndGlobalSection
	GlobalSection(ProjectConfigurationPlatforms) = postSolution
		{43F4FDCA-9EDF-46D1-86CA-901F1F2C776A}.Debug|Any CPU.ActiveCfg = Debug|Any CPU
		{43F4FDCA-9EDF-46D1-86CA-901F1F2C776A}.Debug|Any CPU.Build.0 = Debug|Any CPU
		{43F4FDCA-9EDF-46D1-86CA-901F1F2C776A}.Release|Any CPU.ActiveCfg = Release|Any CPU
		{43F4FDCA-9EDF-46D1-86CA-901F1F2C776A}.Release|Any CPU.Build.0 = Release|Any CPU
	EndGlobalSection
	GlobalSection(SolutionProperties) = preSolution
		HideSolutionNode = FALSE
	EndGlobalSection
	GlobalSection(ExtensibilityGlobals) = postSolution
		SolutionGuid = {1D955B02-4EB0-471A-8E09-31C7DB145CFA}
	EndGlobalSection
EndGlobal
