
Microsoft Visual Studio Solution File, Format Version 12.00
# Visual Studio Version 17
VisualStudioVersion = 17.14.36429.23 d17.14
MinimumVisualStudioVersion = 10.0.40219.1
Project("{FAE04EC0-301F-11D3-BF4B-00C04F79EFBC}") = "Proc_Vlozte_Oddelovac", "Proc_Vlozte_Oddelovac\Proc_Vlozte_Oddelovac.csproj", "{CE8E0931-07DF-4EEF-8F70-3F0AC034912E}"
EndProject
Global
	GlobalSection(SolutionConfigurationPlatforms) = preSolution
		Debug|Any CPU = Debug|Any CPU
		Release|Any CPU = Release|Any CPU
	EndGlobalSection
	GlobalSection(ProjectConfigurationPlatforms) = postSolution
		{CE8E0931-07DF-4EEF-8F70-3F0AC034912E}.Debug|Any CPU.ActiveCfg = Debug|Any CPU
		{CE8E0931-07DF-4EEF-8F70-3F0AC034912E}.Debug|Any CPU.Build.0 = Debug|Any CPU
		{CE8E0931-07DF-4EEF-8F70-3F0AC034912E}.Release|Any CPU.ActiveCfg = Release|Any CPU
		{CE8E0931-07DF-4EEF-8F70-3F0AC034912E}.Release|Any CPU.Build.0 = Release|Any CPU
	EndGlobalSection
	GlobalSection(SolutionProperties) = preSolution
		HideSolutionNode = FALSE
	EndGlobalSection
	GlobalSection(ExtensibilityGlobals) = postSolution
		SolutionGuid = {F5728C46-0C3A-4907-8725-4E0440D30512}
	EndGlobalSection
EndGlobal
