
Microsoft Visual Studio Solution File, Format Version 12.00
# Visual Studio Version 17
VisualStudioVersion = 17.14.36429.23 d17.14
MinimumVisualStudioVersion = 10.0.40219.1
Project("{FAE04EC0-301F-11D3-BF4B-00C04F79EFBC}") = "ObracenneSlovo", "ObracenneSlovo\ObracenneSlovo.csproj", "{8BF92EA9-3600-460E-B762-E4A64A010712}"
EndProject
Global
	GlobalSection(SolutionConfigurationPlatforms) = preSolution
		Debug|Any CPU = Debug|Any CPU
		Release|Any CPU = Release|Any CPU
	EndGlobalSection
	GlobalSection(ProjectConfigurationPlatforms) = postSolution
		{8BF92EA9-3600-460E-B762-E4A64A010712}.Debug|Any CPU.ActiveCfg = Debug|Any CPU
		{8BF92EA9-3600-460E-B762-E4A64A010712}.Debug|Any CPU.Build.0 = Debug|Any CPU
		{8BF92EA9-3600-460E-B762-E4A64A010712}.Release|Any CPU.ActiveCfg = Release|Any CPU
		{8BF92EA9-3600-460E-B762-E4A64A010712}.Release|Any CPU.Build.0 = Release|Any CPU
	EndGlobalSection
	GlobalSection(SolutionProperties) = preSolution
		HideSolutionNode = FALSE
	EndGlobalSection
	GlobalSection(ExtensibilityGlobals) = postSolution
		SolutionGuid = {E03372F6-64DC-4E6C-8A5E-320A9CE6F2EA}
	EndGlobalSection
EndGlobal
