
Microsoft Visual Studio Solution File, Format Version 12.00
# Visual Studio Version 17
VisualStudioVersion = 17.14.36811.4 d17.14
MinimumVisualStudioVersion = 10.0.40219.1
Project("{FAE04EC0-301F-11D3-BF4B-00C04F79EFBC}") = "Konstruktory", "Konstruktory\Konstruktory.csproj", "{03C0DB9D-2849-4F7B-B14F-CE0CC2128626}"
EndProject
Global
	GlobalSection(SolutionConfigurationPlatforms) = preSolution
		Debug|Any CPU = Debug|Any CPU
		Release|Any CPU = Release|Any CPU
	EndGlobalSection
	GlobalSection(ProjectConfigurationPlatforms) = postSolution
		{03C0DB9D-2849-4F7B-B14F-CE0CC2128626}.Debug|Any CPU.ActiveCfg = Debug|Any CPU
		{03C0DB9D-2849-4F7B-B14F-CE0CC2128626}.Debug|Any CPU.Build.0 = Debug|Any CPU
		{03C0DB9D-2849-4F7B-B14F-CE0CC2128626}.Release|Any CPU.ActiveCfg = Release|Any CPU
		{03C0DB9D-2849-4F7B-B14F-CE0CC2128626}.Release|Any CPU.Build.0 = Release|Any CPU
	EndGlobalSection
	GlobalSection(SolutionProperties) = preSolution
		HideSolutionNode = FALSE
	EndGlobalSection
	GlobalSection(ExtensibilityGlobals) = postSolution
		SolutionGuid = {5C7FCDFA-D428-4774-A8A5-ED6B53CBC317}
	EndGlobalSection
EndGlobal
