
Microsoft Visual Studio Solution File, Format Version 12.00
# Visual Studio Version 17
VisualStudioVersion = 17.14.36429.23 d17.14
MinimumVisualStudioVersion = 10.0.40219.1
Project("{FAE04EC0-301F-11D3-BF4B-00C04F79EFBC}") = "vstup_vystup", "vstup_vystup\vstup_vystup.csproj", "{230485F1-8DE1-4679-89D5-CCD561C4414A}"
EndProject
Global
	GlobalSection(SolutionConfigurationPlatforms) = preSolution
		Debug|Any CPU = Debug|Any CPU
		Release|Any CPU = Release|Any CPU
	EndGlobalSection
	GlobalSection(ProjectConfigurationPlatforms) = postSolution
		{230485F1-8DE1-4679-89D5-CCD561C4414A}.Debug|Any CPU.ActiveCfg = Debug|Any CPU
		{230485F1-8DE1-4679-89D5-CCD561C4414A}.Debug|Any CPU.Build.0 = Debug|Any CPU
		{230485F1-8DE1-4679-89D5-CCD561C4414A}.Release|Any CPU.ActiveCfg = Release|Any CPU
		{230485F1-8DE1-4679-89D5-CCD561C4414A}.Release|Any CPU.Build.0 = Release|Any CPU
	EndGlobalSection
	GlobalSection(SolutionProperties) = preSolution
		HideSolutionNode = FALSE
	EndGlobalSection
	GlobalSection(ExtensibilityGlobals) = postSolution
		SolutionGuid = {6C373F26-55AB-49D8-8712-4C9BD0E424EA}
	EndGlobalSection
EndGlobal
